github.com/go-docutils/docutils v0.7.1 h1:1ADdyrzRAjDY1fjANBdLfMRJMb8d9L+aqMIK/9MLmEU=
github.com/go-docutils/docutils v0.7.1/go.mod h1:HuaoJ4l8061JVxj8IxKWAooCTUEa7agwK+0epTlzApw=
github.com/go-richdoc/richdoc v0.2.0 h1:z9cLox9MoInZL6fIlweMzgDT/VqgnB2ZucSIEaRFglY=
github.com/go-richdoc/richdoc v0.2.0/go.mod h1:aCX8ulqg5CoKqSWgWeEWul1Oj0d2VxQeaQNI0+jsm7c=
